
Microsoft Visual Studio Solution File, Format Version 12.00
# Visual Studio 2013
VisualStudioVersion = 12.0.21005.1
MinimumVisualStudioVersion = 10.0.40219.1
Project("{8BC9CEB8-8B4A-11D0-8D11-00A0C91BC942}") = "TimeSince", "IDE\TimeSince\TimeSince.vcxproj", "{B08F2628-10A7-4858-9ED8-776DEFD80190}"
EndProject
Project("{8BC9CEB8-8B4A-11D0-8D11-00A0C91BC942}") = "TimeSinceDesktop", "IDE\TimeSinceDesktop\TimeSinceDesktop.vcxproj", "{92816522-8CD2-45F1-A30F-E46C0CAE679F}"
EndProject
Project("{8BC9CEB8-8B4A-11D0-8D11-00A0C91BC942}") = "TimeSinceTest", "IDE\TimeSinceTest\TimeSinceTest.vcxproj", "{F733AE74-ED06-4AA4-902D-B55038B1C8A0}"
EndProject
Global
	GlobalSection(SolutionConfigurationPlatforms) = preSolution
		Debug|Win32 = Debug|Win32
		Release|Win32 = Release|Win32
	EndGlobalSection
	GlobalSection(ProjectConfigurationPlatforms) = postSolution
		{B08F2628-10A7-4858-9ED8-776DEFD80190}.Debug|Win32.ActiveCfg = Debug|Win32
		{B08F2628-10A7-4858-9ED8-776DEFD80190}.Debug|Win32.Build.0 = Debug|Win32
		{B08F2628-10A7-4858-9ED8-776DEFD80190}.Release|Win32.ActiveCfg = Release|Win32
		{B08F2628-10A7-4858-9ED8-776DEFD80190}.Release|Win32.Build.0 = Release|Win32
		{92816522-8CD2-45F1-A30F-E46C0CAE679F}.Debug|Win32.ActiveCfg = Debug|Win32
		{92816522-8CD2-45F1-A30F-E46C0CAE679F}.Debug|Win32.Build.0 = Debug|Win32
		{92816522-8CD2-45F1-A30F-E46C0CAE679F}.Release|Win32.ActiveCfg = Release|Win32
		{92816522-8CD2-45F1-A30F-E46C0CAE679F}.Release|Win32.Build.0 = Release|Win32
		{F733AE74-ED06-4AA4-902D-B55038B1C8A0}.Debug|Win32.ActiveCfg = Debug|Win32
		{F733AE74-ED06-4AA4-902D-B55038B1C8A0}.Debug|Win32.Build.0 = Debug|Win32
		{F733AE74-ED06-4AA4-902D-B55038B1C8A0}.Release|Win32.ActiveCfg = Release|Win32
		{F733AE74-ED06-4AA4-902D-B55038B1C8A0}.Release|Win32.Build.0 = Release|Win32
	EndGlobalSection
	GlobalSection(SolutionProperties) = preSolution
		HideSolutionNode = FALSE
	EndGlobalSection
EndGlobal
